%{
  "beam_notify": {:hex, :beam_notify, "1.0.0", "5b8dceed76f8ac4acadf4d2915ac85b98c42bb17d7dd58253c7593d2a0deedbd", [:make, :mix], [{:elixir_make, "~> 0.6", [hex: :elixir_make, repo: "hexpm", optional: false]}], "hexpm", "a80331f6c3596918affa408d91ed634106b7ae71b3fc589432363aca68378362"},
  "castore": {:hex, :castore, "1.0.15", "8aa930c890fe18b6fe0a0cff27b27d0d4d231867897bd23ea772dee561f032a3", [:mix], [], "hexpm", "96ce4c69d7d5d7a0761420ef743e2f4096253931a3ba69e5ff8ef1844fe446d3"},
  "circuits_gpio": {:hex, :circuits_gpio, "2.1.3", "7f5b8262a7ee39729b11b42cb5ce3216145649aa315fd08fc3405ca7139382b4", [:make, :mix], [{:elixir_make, "~> 0.6", [hex: :elixir_make, repo: "hexpm", optional: false]}], "hexpm", "8616d3085f0e3b794f330cef8d4200ed83a0a2a8edf011d75d9e024299118220"},
  "circular_buffer": {:hex, :circular_buffer, "0.4.1", "477f370fd8cfe1787b0a1bade6208bbd274b34f1610e41f1180ba756a7679839", [:mix], [], "hexpm", "633ef2e059dde0d7b89bbab13b1da9d04c6685e80e68fbdf41282d4fae746b72"},
  "elixir_make": {:hex, :elixir_make, "0.9.0", "6484b3cd8c0cee58f09f05ecaf1a140a8c97670671a6a0e7ab4dc326c3109726", [:mix], [], "hexpm", "db23d4fd8b757462ad02f8aa73431a426fe6671c80b200d9710caf3d1dd0ffdb"},
  "gen_state_machine": {:hex, :gen_state_machine, "3.0.0", "1e57f86a494e5c6b14137ebef26a7eb342b3b0070c7135f2d6768ed3f6b6cdff", [:mix], [], "hexpm", "0a59652574bebceb7309f6b749d2a41b45fdeda8dbb4da0791e355dd19f0ed15"},
  "hpax": {:hex, :hpax, "0.1.2", "09a75600d9d8bbd064cdd741f21fc06fc1f4cf3d0fcc335e5aa19be1a7235c84", [:mix], [], "hexpm", "2c87843d5a23f5f16748ebe77969880e29809580efdaccd615cd3bed628a8c13"},
  "jason": {:hex, :jason, "1.4.1", "af1504e35f629ddcdd6addb3513c3853991f694921b1b9368b0bd32beb9f1b63", [:mix], [{:decimal, "~> 1.0 or ~> 2.0", [hex: :decimal, repo: "hexpm", optional: true]}], "hexpm", "fbb01ecdfd565b56261302f7e1fcc27c4fb8f32d56eab74db621fc154604a7a1"},
  "mdns_lite": {:hex, :mdns_lite, "0.8.6", "cafdcde5be222d151342629637ec3178619090e4668a57c8cfdc67d970d0b268", [:mix], [{:vintage_net, "~> 0.7", [hex: :vintage_net, repo: "hexpm", optional: true]}], "hexpm", "7b6fcf2d45be8823492b77380f69510327d3a98f6b17d403f355daf31e1ac961"},
  "mint": {:hex, :mint, "1.5.2", "4805e059f96028948870d23d7783613b7e6b0e2fb4e98d720383852a760067fd", [:mix], [{:castore, "~> 0.1.0 or ~> 1.0", [hex: :castore, repo: "hexpm", optional: true]}, {:hpax, "~> 0.1.1", [hex: :hpax, repo: "hexpm", optional: false]}], "hexpm", "d77d9e9ce4eb35941907f1d3df38d8f750c357865353e21d335bdcdf6d892a02"},
  "mint_web_socket": {:hex, :mint_web_socket, "1.0.3", "aab42fff792a74649916236d0b01f560a0b3f03ca5dea693c230d1c44736b50e", [:mix], [{:mint, ">= 1.4.1 and < 2.0.0-0", [hex: :mint, repo: "hexpm", optional: false]}], "hexpm", "ca3810ca44cc8532e3dce499cc17f958596695d226bb578b2fbb88c09b5954b0"},
  "muontrap": {:hex, :muontrap, "1.1.0", "911a8991fcb3b9fe3a1a3331dc51c7e8538e4b1130c03cd5f06c763ce7eb221f", [:make, :mix], [{:elixir_make, "~> 0.6", [hex: :elixir_make, repo: "hexpm", optional: false]}], "hexpm", "011625c64aeb744200412f5de9a847a94b612b2ed84c60f214b3c1497b64aeb2"},
  "nerves": {:hex, :nerves, "1.10.5", "9c4296a5fd9c48858a92b17ae52cfcf1bc9acfefdc2da5c10ec79e4c139ecaec", [:make, :mix], [{:castore, "~> 0.1 or ~> 1.0", [hex: :castore, repo: "hexpm", optional: false]}, {:elixir_make, "~> 0.6", [hex: :elixir_make, repo: "hexpm", optional: false]}, {:jason, "~> 1.2", [hex: :jason, repo: "hexpm", optional: false]}], "hexpm", "a1309b6c56e2797f7514e89afc61b7c06803f359e94b00ac006bef4e611d95e9"},
  "nerves_logging": {:hex, :nerves_logging, "0.2.2", "d0e878ac92e6907757fa9898b661250fa1cf50474763ca59ecfadca1c2235337", [:make, :mix], [{:elixir_make, "~> 0.6", [hex: :elixir_make, repo: "hexpm", optional: false]}], "hexpm", "74c181c6f011ea0c2d52956ad82065a59d7c7b62ddfba5967b010ef125f460a5"},
  "nerves_motd": {:hex, :nerves_motd, "0.1.10", "61a57a6abea8231c908b2eb1bfdf198d4babd60dbd44eaa99d1e7514c32ac7ee", [:mix], [{:nerves_runtime, "~> 0.8", [hex: :nerves_runtime, repo: "hexpm", optional: false]}, {:nerves_time_zones, "~> 0.1", [hex: :nerves_time_zones, repo: "hexpm", optional: true]}], "hexpm", "ba8aaf9da447e4d720b881c7bd8773c2b0623d7ef540ab94eb5f36c1a641d5b3"},
  "nerves_pack": {:hex, :nerves_pack, "0.7.0", "bc93834edbb9321b180dc104440070279eb02159359715f68f770e74ed86a582", [:mix], [{:mdns_lite, "~> 0.8", [hex: :mdns_lite, repo: "hexpm", optional: false]}, {:nerves_motd, "~> 0.1", [hex: :nerves_motd, repo: "hexpm", optional: false]}, {:nerves_runtime, "~> 0.6", [hex: :nerves_runtime, repo: "hexpm", optional: false]}, {:nerves_ssh, "~> 0.3", [hex: :nerves_ssh, repo: "hexpm", optional: false]}, {:nerves_time, "~> 0.3", [hex: :nerves_time, repo: "hexpm", optional: false]}, {:ring_logger, "~> 0.8", [hex: :ring_logger, repo: "hexpm", optional: false]}, {:vintage_net, "~> 0.10", [hex: :vintage_net, repo: "hexpm", optional: false]}, {:vintage_net_direct, "~> 0.10", [hex: :vintage_net_direct, repo: "hexpm", optional: false]}, {:vintage_net_ethernet, "~> 0.10", [hex: :vintage_net_ethernet, repo: "hexpm", optional: false]}, {:vintage_net_wifi, "~> 0.10", [hex: :vintage_net_wifi, repo: "hexpm", optional: false]}], "hexpm", "65a43ea78c10938c87c72d6d42a82c05e831e9a95a0ea26fe8f9d848c009cc57"},
  "nerves_runtime": {:hex, :nerves_runtime, "0.13.6", "aef9cb5e6232605d4e5421b297f41cde0535a53913c21e51c7ebe6c71c1b9cf6", [:mix], [{:nerves_logging, "~> 0.2.0", [hex: :nerves_logging, repo: "hexpm", optional: false]}, {:nerves_uevent, "~> 0.1.0", [hex: :nerves_uevent, repo: "hexpm", optional: false]}, {:uboot_env, "~> 0.3.0 or ~> 1.0", [hex: :uboot_env, repo: "hexpm", optional: false]}], "hexpm", "44b031f46542079d67d3ef0bd7b0c966e580909dd5cc61b7825a76e881e7cd5a"},
  "nerves_ssh": {:hex, :nerves_ssh, "0.4.1", "d20ee21b0b4b3624051cb24af11dac08879ae24bccb9f7ba845b6877666bfb6e", [:mix], [{:nerves_runtime, "~> 0.11", [hex: :nerves_runtime, repo: "hexpm", optional: false]}, {:ssh_subsystem_fwup, "~> 0.5", [hex: :ssh_subsystem_fwup, repo: "hexpm", optional: false]}], "hexpm", "45105baad45d576459c8caf1057d1fbc4c2fd119e989368e7a43fda52eb7e900"},
  "nerves_system_br": {:hex, :nerves_system_br, "1.25.2", "9eda8b2c7d4077684ca5f5417660da88b676c43d2163d46b3d3a9cfedccd277b", [:mix], [], "hexpm", "b532f4e639b38b6a25a52ed44199e3d93a29cc805f59752bb9e3f73b6a324523"},
  "nerves_system_rpi0": {:hex, :nerves_system_rpi0, "1.25.0", "7ce790c62557954e996b0a8d9fd770b12d6bc8040597319f378f33dbc08f8e65", [:mix], [{:nerves, "~> 1.6.0 or ~> 1.7.15 or ~> 1.8", [hex: :nerves, repo: "hexpm", optional: false]}, {:nerves_system_br, "1.25.2", [hex: :nerves_system_br, repo: "hexpm", optional: false]}, {:nerves_toolchain_armv6_nerves_linux_gnueabihf, "~> 13.2.0", [hex: :nerves_toolchain_armv6_nerves_linux_gnueabihf, repo: "hexpm", optional: false]}], "hexpm", "2a1d15a57fdf5ba6f55c3b9ad0d3c293d1a589d1cd452efc5c154d5abe720c68"},
  "nerves_system_rpi3": {:hex, :nerves_system_rpi3, "1.25.1", "94358152e8d890005dfb909c40ad84bdaaeb1f4f65c09d43265b4fb1fdb746d9", [:mix], [{:nerves, "~> 1.5.4 or ~> 1.6.0 or ~> 1.7.15 or ~> 1.8", [hex: :nerves, repo: "hexpm", optional: false]}, {:nerves_system_br, "1.25.2", [hex: :nerves_system_br, repo: "hexpm", optional: false]}, {:nerves_toolchain_armv7_nerves_linux_gnueabihf, "~> 13.2.0", [hex: :nerves_toolchain_armv7_nerves_linux_gnueabihf, repo: "hexpm", optional: false]}], "hexpm", "f2e49373843de41b348037dbd1b63d6c501ddbba375118fffdcdb16614cad76a"},
  "nerves_system_rpi4": {:hex, :nerves_system_rpi4, "1.25.0", "7fabe79f1b2ce8dbf2ad9df6387e18f0cf89457b4aa30429fa7e90a3f634d83d", [:mix], [{:nerves, "~> 1.5.4 or ~> 1.6.0 or ~> 1.7.15 or ~> 1.8", [hex: :nerves, repo: "hexpm", optional: false]}, {:nerves_system_br, "1.25.2", [hex: :nerves_system_br, repo: "hexpm", optional: false]}, {:nerves_toolchain_aarch64_nerves_linux_gnu, "~> 13.2.0", [hex: :nerves_toolchain_aarch64_nerves_linux_gnu, repo: "hexpm", optional: false]}], "hexpm", "d65aa73753cca2341c651d3b477240dec782006f65bdafe197b5f3dfd40ca4d7"},
  "nerves_time": {:hex, :nerves_time, "0.4.5", "038d6754421b20f21eff8918f006d26a2c3e7440dc6954c4164030427e9228d8", [:make, :mix], [{:elixir_make, "~> 0.6", [hex: :elixir_make, repo: "hexpm", optional: false]}, {:muontrap, "~> 1.0 or ~> 0.5", [hex: :muontrap, repo: "hexpm", optional: false]}], "hexpm", "cbe4593bb63ba6fd66f09c321f558037ca9de6ad8b93bc0dc77c4209c4734a88"},
  "nerves_toolchain_aarch64_nerves_linux_gnu": {:hex, :nerves_toolchain_aarch64_nerves_linux_gnu, "13.2.0", "68fcd2c21c86cceb9545948fae052d72f88b7c7c10205b252dac88559e2a3369", [:mix], [{:nerves, "~> 1.4", [hex: :nerves, repo: "hexpm", optional: false]}, {:nerves_toolchain_ctng, "~> 1.10.0", [hex: :nerves_toolchain_ctng, repo: "hexpm", optional: false]}], "hexpm", "f92212606919a062f975e7bd82ed8a1b95bd4864abb3444cd0d5d0e610e94cc5"},
  "nerves_toolchain_armv6_nerves_linux_gnueabihf": {:hex, :nerves_toolchain_armv6_nerves_linux_gnueabihf, "13.2.0", "d7a9a53cc53a99f6bbe13e872b793c84344b5cb2ec5220dc12217cba9a59ddae", [:mix], [{:nerves, "~> 1.0", [hex: :nerves, repo: "hexpm", optional: false]}, {:nerves_toolchain_ctng, "~> 1.10.0", [hex: :nerves_toolchain_ctng, repo: "hexpm", optional: false]}], "hexpm", "97791d351485d4114e992db7814766563892a55c9d22a2ebcc43b3c1247f2b62"},
  "nerves_toolchain_armv7_nerves_linux_gnueabihf": {:hex, :nerves_toolchain_armv7_nerves_linux_gnueabihf, "13.2.0", "48305b5ba2ec41d2f9bfd0997d6bb6e8a9f5358146baa58fc64887bfe2d38ccd", [:mix], [{:nerves, "~> 1.0", [hex: :nerves, repo: "hexpm", optional: false]}, {:nerves_toolchain_ctng, "~> 1.10.0", [hex: :nerves_toolchain_ctng, repo: "hexpm", optional: false]}], "hexpm", "7a43b14eb4ec90f36acf36a42ce42c1d69c280b90eea7ab9965e00db3ee6cbf7"},
  "nerves_toolchain_ctng": {:hex, :nerves_toolchain_ctng, "1.10.0", "c6b35377a0b7a93633a8673a788f1580fe1fa06083374b0e4df36da65828d2ef", [:mix], [{:nerves, "~> 1.0", [hex: :nerves, repo: "hexpm", optional: false]}], "hexpm", "e4ae1a2b84de3502ecac195765819be0ce2834eb276553163a7c03133f1760f1"},
  "nerves_uevent": {:hex, :nerves_uevent, "0.1.0", "651111a46be9a238560cbf7946989fc500e5f33d7035fd9ea7194d07a281bc19", [:make, :mix], [{:elixir_make, "~> 0.6", [hex: :elixir_make, repo: "hexpm", optional: false]}, {:property_table, "~> 0.2.0", [hex: :property_table, repo: "hexpm", optional: false]}], "hexpm", "cb0b1993c3ed3cefadbcdb534e910af0661f95c3445796ce8a7c8be3519a4e5f"},
  "nimble_options": {:hex, :nimble_options, "1.1.0", "3b31a57ede9cb1502071fade751ab0c7b8dbe75a9a4c2b5bbb0943a690b63172", [:mix], [], "hexpm", "8bbbb3941af3ca9acc7835f5655ea062111c9c27bcac53e004460dfd19008a99"},
  "one_dhcpd": {:hex, :one_dhcpd, "2.0.1", "d2d24dcb29f84072f3666580e4fb297ce8533c61667f78c94643ad37d586f7b8", [:make, :mix], [{:elixir_make, "~> 0.6", [hex: :elixir_make, repo: "hexpm", optional: false]}], "hexpm", "1558faedeb560bb358827864bec3e862eadfcbaa589f9c2d457f49c833db704c"},
  "picam": {:hex, :picam, "0.4.1", "a2d0d980cf8a18a0123477ac0c12ca11e6f060904d642d1d0672e8a43251576f", [:make, :mix], [{:elixir_make, "~> 0.5", [hex: :elixir_make, repo: "hexpm", optional: false]}], "hexpm", "2b99fd77152d409617951f5dea6b13c54d5220516531f9a762a937ef7316bba0"},
  "property_table": {:hex, :property_table, "0.2.5", "72567da62711d0b8b517990eadbe76685e5b02ed90ad5a2e48ae6f3a7922cf64", [:mix], [], "hexpm", "abfd4ce4dd9a7a6d39c0a35b177c09dc9aba5af0eb1f93cc28919e31d5f8bbab"},
  "ring_logger": {:hex, :ring_logger, "0.8.6", "8159b877f184f6d3b9e72b2dbd08545b1f93b20f73e827234282273e76223e51", [:mix], [{:circular_buffer, "~> 0.4.0", [hex: :circular_buffer, repo: "hexpm", optional: false]}], "hexpm", "f19684a5413ad455422cea10ec164d71de390f42ce6f703c345d87bcb188f315"},
  "slipstream": {:hex, :slipstream, "1.1.0", "e3581e9bc73036e4283b33447475499d18c813c7662aa6b86e131633a7e912f3", [:mix], [{:jason, "~> 1.0", [hex: :jason, repo: "hexpm", optional: true]}, {:mint_web_socket, "~> 0.2 or ~> 1.0", [hex: :mint_web_socket, repo: "hexpm", optional: false]}, {:nimble_options, "~> 0.1 or ~> 1.0", [hex: :nimble_options, repo: "hexpm", optional: false]}, {:telemetry, "~> 0.4 or ~> 1.0", [hex: :telemetry, repo: "hexpm", optional: false]}], "hexpm", "66eb1ac7c43573511b5bad90c24c128bb4e69f588bff65d0c409adf4c7eb02e6"},
  "ssh_subsystem_fwup": {:hex, :ssh_subsystem_fwup, "0.6.1", "628f8e3795de5f1d0e7b3b55de4248ab0a77ab4c47e3cd282f1dda89d6354a9f", [:mix], [], "hexpm", "babdae337f2dc011ab5478662b4ec850650d7acfb165662ae47f6f0ce8892499"},
  "telemetry": {:hex, :telemetry, "1.2.1", "68fdfe8d8f05a8428483a97d7aab2f268aaff24b49e0f599faa091f1d4e7f61c", [:rebar3], [], "hexpm", "dad9ce9d8effc621708f99eac538ef1cbe05d6a874dd741de2e689c47feafed5"},
  "toolshed": {:hex, :toolshed, "0.2.26", "1e50c8ff6da61d304dd59598667c403ff0873319afb73f40efda775a49e00c93", [:mix], [{:nerves_runtime, "~> 0.8", [hex: :nerves_runtime, repo: "hexpm", optional: true]}], "hexpm", "7e92e03731ed39c1261d5baf58576a771d116e2e3461db35cdd45c78a6b999b2"},
  "uboot_env": {:hex, :uboot_env, "1.0.1", "b0e136cf1a561412ff7db23ed2b6df18d7c7ce2fc59941afd851006788a67f3d", [:mix], [], "hexpm", "b6d4fe7c24123be57ed946c48116d23173e37944bc945b8b76fccc437909c60b"},
  "vintage_net": {:hex, :vintage_net, "0.13.0", "97db437d3d10988acfb677e6ff12d6a5862cf23295c6046a3624f7e4a1653725", [:make, :mix], [{:beam_notify, "~> 1.0 or ~> 0.2.0", [hex: :beam_notify, repo: "hexpm", optional: false]}, {:elixir_make, "~> 0.6", [hex: :elixir_make, repo: "hexpm", optional: false]}, {:gen_state_machine, "~> 2.0.0 or ~> 2.1.0 or ~> 3.0.0", [hex: :gen_state_machine, repo: "hexpm", optional: false]}, {:muontrap, "~> 1.0 or ~> 0.5.1 or ~> 0.6.0", [hex: :muontrap, repo: "hexpm", optional: false]}, {:property_table, "~> 0.2.0", [hex: :property_table, repo: "hexpm", optional: false]}], "hexpm", "5b48a55fa9b5fca6ea06295a94a91c7fe2f2e47fb532f043d2981ce1604d5080"},
  "vintage_net_direct": {:hex, :vintage_net_direct, "0.10.7", "940561c375f04d6734ac78100ae1d8ef790ffd7e966f70efb525230fa1bc5774", [:mix], [{:one_dhcpd, "~> 2.0 or ~> 1.0 or ~> 0.2.3", [hex: :one_dhcpd, repo: "hexpm", optional: false]}, {:vintage_net, "~> 0.9.1 or ~> 0.10.0 or ~> 0.11.0 or ~> 0.12.0 or ~> 0.13.0", [hex: :vintage_net, repo: "hexpm", optional: false]}], "hexpm", "c040e9c33220495c28ba4464c5924da00bd4949627c4cb9c99ba1ed96f7b9429"},
  "vintage_net_ethernet": {:hex, :vintage_net_ethernet, "0.11.1", "e16cbc6ecbf5690db68be20343b4d08baade13ff5d7e32018dbab6b8df498cdf", [:mix], [{:vintage_net, "~> 0.12.0 or ~> 0.13.0", [hex: :vintage_net, repo: "hexpm", optional: false]}], "hexpm", "6d50c77b687e050eaa970152eb11eda86ddf95639539ae7c849f517142f4dc25"},
  "vintage_net_wifi": {:hex, :vintage_net_wifi, "0.11.3", "6441581320bd343459dc8fef3d142196388ea14dbc9d026bd5b56aa30146b275", [:make, :mix], [{:elixir_make, "~> 0.6", [hex: :elixir_make, repo: "hexpm", optional: false]}, {:vintage_net, "~> 0.12.0 or ~> 0.13.0", [hex: :vintage_net, repo: "hexpm", optional: false]}], "hexpm", "e2951d4490edd5d8a868e102e0aec0b0a344caa4c8376d6f4fb938b52a9ca34d"},
}
